// !$*UTF8*$!
{
	archiveVersion = 1;
	classes = {
	};
	objectVersion = 46;
	objects = {

/* Begin PBXBuildFile section */
		CD73B4E819AC357E004F8857 /* ListTableViewCell.m in Sources */ = {isa = PBXBuildFile; fileRef = CD73B4E719AC357D004F8857 /* ListTableViewCell.m */; };
		CD73B4ED19AC5EFC004F8857 /* TeamViewController.m in Sources */ = {isa = PBXBuildFile; fileRef = CD73B4EC19AC5EFC004F8857 /* TeamViewController.m */; };
		CD73B4EE19AC7733004F8857 /* Name_Entry_Unselected.png in Resources */ = {isa = PBXBuildFile; fileRef = CD73B4F019AC7733004F8857 /* Name_Entry_Unselected.png */; };
		CD73B4F119AC7740004F8857 /* Data_Entry_Unselected.png in Resources */ = {isa = PBXBuildFile; fileRef = CD73B4F319AC7740004F8857 /* Data_Entry_Unselected.png */; };
		CD73B4F419AC7744004F8857 /* line.png in Resources */ = {isa = PBXBuildFile; fileRef = CD73B4F619AC7744004F8857 /* line.png */; };
		CD73B4F719AC7748004F8857 /* 37b50a61.png in Resources */ = {isa = PBXBuildFile; fileRef = CD73B4F919AC7748004F8857 /* 37b50a61.png */; };
		CD96582A19A95FD30062283C /* Foundation.framework in Frameworks */ = {isa = PBXBuildFile; fileRef = CD96582919A95FD30062283C /* Foundation.framework */; };
		CD96582C19A95FD30062283C /* CoreGraphics.framework in Frameworks */ = {isa = PBXBuildFile; fileRef = CD96582B19A95FD30062283C /* CoreGraphics.framework */; };
		CD96582E19A95FD30062283C /* UIKit.framework in Frameworks */ = {isa = PBXBuildFile; fileRef = CD96582D19A95FD30062283C /* UIKit.framework */; };
		CD96583419A95FD30062283C /* InfoPlist.strings in Resources */ = {isa = PBXBuildFile; fileRef = CD96583219A95FD30062283C /* InfoPlist.strings */; };
		CD96583619A95FD30062283C /* main.m in Sources */ = {isa = PBXBuildFile; fileRef = CD96583519A95FD30062283C /* main.m */; };
		CD96583A19A95FD30062283C /* AppDelegate.m in Sources */ = {isa = PBXBuildFile; fileRef = CD96583919A95FD30062283C /* AppDelegate.m */; };
		CD96583D19A95FD30062283C /* Main.storyboard in Resources */ = {isa = PBXBuildFile; fileRef = CD96583B19A95FD30062283C /* Main.storyboard */; };
		CD96584219A95FD30062283C /* Images.xcassets in Resources */ = {isa = PBXBuildFile; fileRef = CD96584119A95FD30062283C /* Images.xcassets */; };
		CD96584919A95FD30062283C /* XCTest.framework in Frameworks */ = {isa = PBXBuildFile; fileRef = CD96584819A95FD30062283C /* XCTest.framework */; };
		CD96584A19A95FD30062283C /* Foundation.framework in Frameworks */ = {isa = PBXBuildFile; fileRef = CD96582919A95FD30062283C /* Foundation.framework */; };
		CD96584B19A95FD30062283C /* UIKit.framework in Frameworks */ = {isa = PBXBuildFile; fileRef = CD96582D19A95FD30062283C /* UIKit.framework */; };
		CD96585319A95FD30062283C /* InfoPlist.strings in Resources */ = {isa = PBXBuildFile; fileRef = CD96585119A95FD30062283C /* InfoPlist.strings */; };
		CD96585519A95FD30062283C /* ScoutingAppTests.m in Sources */ = {isa = PBXBuildFile; fileRef = CD96585419A95FD30062283C /* ScoutingAppTests.m */; };
		CD96586619A97AB30062283C /* NameViewController.m in Sources */ = {isa = PBXBuildFile; fileRef = CD96586519A97AB30062283C /* NameViewController.m */; };
		CD96586919A97BE30062283C /* AutoEntryViewController.m in Sources */ = {isa = PBXBuildFile; fileRef = CD96586819A97BE30062283C /* AutoEntryViewController.m */; };
		CD96586C19A97BF20062283C /* TeleOpViewController.m in Sources */ = {isa = PBXBuildFile; fileRef = CD96586B19A97BF20062283C /* TeleOpViewController.m */; };
		CD96586F19A983C60062283C /* FinalViewController.m in Sources */ = {isa = PBXBuildFile; fileRef = CD96586E19A983C60062283C /* FinalViewController.m */; };
		CD96587219A983D10062283C /* ReviewViewController.m in Sources */ = {isa = PBXBuildFile; fileRef = CD96587119A983D10062283C /* ReviewViewController.m */; };
		CDC7D7A819AAD2F1002C22CB /* CustomTableViewCell.m in Sources */ = {isa = PBXBuildFile; fileRef = CDC7D7A719AAD2F1002C22CB /* CustomTableViewCell.m */; };
		CDCE4E3A19ABB21D00A3ECC2 /* Bolts.framework in Frameworks */ = {isa = PBXBuildFile; fileRef = CDCE4E3819ABB21D00A3ECC2 /* Bolts.framework */; };
		CDCE4E3B19ABB21D00A3ECC2 /* Parse.framework in Frameworks */ = {isa = PBXBuildFile; fileRef = CDCE4E3919ABB21D00A3ECC2 /* Parse.framework */; };
		CDCE4E3D19ABB24000A3ECC2 /* AudioToolbox.framework in Frameworks */ = {isa = PBXBuildFile; fileRef = CDCE4E3C19ABB24000A3ECC2 /* AudioToolbox.framework */; };
		CDCE4E3F19ABB24600A3ECC2 /* CFNetwork.framework in Frameworks */ = {isa = PBXBuildFile; fileRef = CDCE4E3E19ABB24600A3ECC2 /* CFNetwork.framework */; };
		CDCE4E4119ABB25300A3ECC2 /* CoreLocation.framework in Frameworks */ = {isa = PBXBuildFile; fileRef = CDCE4E4019ABB25300A3ECC2 /* CoreLocation.framework */; };
		CDCE4E4319ABB25C00A3ECC2 /* libz.dylib in Frameworks */ = {isa = PBXBuildFile; fileRef = CDCE4E4219ABB25C00A3ECC2 /* libz.dylib */; };
		CDCE4E4519ABB26200A3ECC2 /* MobileCoreServices.framework in Frameworks */ = {isa = PBXBuildFile; fileRef = CDCE4E4419ABB26200A3ECC2 /* MobileCoreServices.framework */; };
		CDCE4E4719ABB26E00A3ECC2 /* QuartzCore.framework in Frameworks */ = {isa = PBXBuildFile; fileRef = CDCE4E4619ABB26E00A3ECC2 /* QuartzCore.framework */; };
		CDCE4E4919ABB27400A3ECC2 /* Security.framework in Frameworks */ = {isa = PBXBuildFile; fileRef = CDCE4E4819ABB27400A3ECC2 /* Security.framework */; };
		CDCE4E4B19ABB27900A3ECC2 /* StoreKit.framework in Frameworks */ = {isa = PBXBuildFile; fileRef = CDCE4E4A19ABB27900A3ECC2 /* StoreKit.framework */; };
		CDCE4E4D19ABB28000A3ECC2 /* SystemConfiguration.framework in Frameworks */ = {isa = PBXBuildFile; fileRef = CDCE4E4C19ABB28000A3ECC2 /* SystemConfiguration.framework */; };
		CDCE4E5019ABE27F00A3ECC2 /* DataViewController.m in Sources */ = {isa = PBXBuildFile; fileRef = CDCE4E4F19ABE27F00A3ECC2 /* DataViewController.m */; };
		CDCE4E5319AC253D00A3ECC2 /* TeamListViewController.m in Sources */ = {isa = PBXBuildFile; fileRef = CDCE4E5219AC253D00A3ECC2 /* TeamListViewController.m */; };
		CDCE4E5619AC258E00A3ECC2 /* SeedingViewController.m in Sources */ = {isa = PBXBuildFile; fileRef = CDCE4E5519AC258E00A3ECC2 /* SeedingViewController.m */; };
		CDCE4E5919AC25AB00A3ECC2 /* OffensiveViewController.m in Sources */ = {isa = PBXBuildFile; fileRef = CDCE4E5819AC25AB00A3ECC2 /* OffensiveViewController.m */; };
		CDCE4E5C19AC261E00A3ECC2 /* DefensiveViewController.m in Sources */ = {isa = PBXBuildFile; fileRef = CDCE4E5B19AC261E00A3ECC2 /* DefensiveViewController.m */; };
		CDCE4E5F19AC262A00A3ECC2 /* UpcomingViewController.m in Sources */ = {isa = PBXBuildFile; fileRef = CDCE4E5E19AC262A00A3ECC2 /* UpcomingViewController.m */; };
		CDD92B4D19ACDB67007D8E4B /* CustomTableViewCell2.m in Sources */ = {isa = PBXBuildFile; fileRef = CDD92B4C19ACDB67007D8E4B /* CustomTableViewCell2.m */; };
/* End PBXBuildFile section */

/* Begin PBXContainerItemProxy section */
		CD96584C19A95FD30062283C /* PBXContainerItemProxy */ = {
			isa = PBXContainerItemProxy;
			containerPortal = CD96581E19A95FD30062283C /* Project object */;
			proxyType = 1;
			remoteGlobalIDString = CD96582519A95FD30062283C;
			remoteInfo = ScoutingApp;
		};
/* End PBXContainerItemProxy section */

/* Begin PBXFileReference section */
		CD73B4E619AC357D004F8857 /* ListTableViewCell.h */ = {isa = PBXFileReference; fileEncoding = 4; lastKnownFileType = sourcecode.c.h; path = ListTableViewCell.h; sourceTree = "<group>"; };
		CD73B4E719AC357D004F8857 /* ListTableViewCell.m */ = {isa = PBXFileReference; fileEncoding = 4; lastKnownFileType = sourcecode.c.objc; path = ListTableViewCell.m; sourceTree = "<group>"; };
		CD73B4EB19AC5EFC004F8857 /* TeamViewController.h */ = {isa = PBXFileReference; fileEncoding = 4; lastKnownFileType = sourcecode.c.h; name = TeamViewController.h; path = ../TeamViewController.h; sourceTree = "<group>"; };
		CD73B4EC19AC5EFC004F8857 /* TeamViewController.m */ = {isa = PBXFileReference; fileEncoding = 4; lastKnownFileType = sourcecode.c.objc; name = TeamViewController.m; path = ../TeamViewController.m; sourceTree = "<group>"; };
		CD73B4EF19AC7733004F8857 /* Base */ = {isa = PBXFileReference; lastKnownFileType = image.png; name = Base; path = Base.lproj/Name_Entry_Unselected.png; sourceTree = "<group>"; };
		CD73B4F219AC7740004F8857 /* Base */ = {isa = PBXFileReference; lastKnownFileType = image.png; name = Base; path = Base.lproj/Data_Entry_Unselected.png; sourceTree = "<group>"; };
		CD73B4F519AC7744004F8857 /* Base */ = {isa = PBXFileReference; lastKnownFileType = image.png; name = Base; path = Base.lproj/line.png; sourceTree = "<group>"; };
		CD73B4F819AC7748004F8857 /* Base */ = {isa = PBXFileReference; lastKnownFileType = image.png; name = Base; path = Base.lproj/37b50a61.png; sourceTree = "<group>"; };
		CD96582619A95FD30062283C /* ScoutingApp.app */ = {isa = PBXFileReference; explicitFileType = wrapper.application; includeInIndex = 0; path = ScoutingApp.app; sourceTree = BUILT_PRODUCTS_DIR; };
		CD96582919A95FD30062283C /* Foundation.framework */ = {isa = PBXFileReference; lastKnownFileType = wrapper.framework; name = Foundation.framework; path = System/Library/Frameworks/Foundation.framework; sourceTree = SDKROOT; };
		CD96582B19A95FD30062283C /* CoreGraphics.framework */ = {isa = PBXFileReference; lastKnownFileType = wrapper.framework; name = CoreGraphics.framework; path = System/Library/Frameworks/CoreGraphics.framework; sourceTree = SDKROOT; };
		CD96582D19A95FD30062283C /* UIKit.framework */ = {isa = PBXFileReference; lastKnownFileType = wrapper.framework; name = UIKit.framework; path = System/Library/Frameworks/UIKit.framework; sourceTree = SDKROOT; };
		CD96583119A95FD30062283C /* ScoutingApp-Info.plist */ = {isa = PBXFileReference; lastKnownFileType = text.plist.xml; path = "ScoutingApp-Info.plist"; sourceTree = "<group>"; };
		CD96583319A95FD30062283C /* en */ = {isa = PBXFileReference; lastKnownFileType = text.plist.strings; name = en; path = en.lproj/InfoPlist.strings; sourceTree = "<group>"; };
		CD96583519A95FD30062283C /* main.m */ = {isa = PBXFileReference; lastKnownFileType = sourcecode.c.objc; path = main.m; sourceTree = "<group>"; };
		CD96583719A95FD30062283C /* ScoutingApp-Prefix.pch */ = {isa = PBXFileReference; lastKnownFileType = sourcecode.c.h; path = "ScoutingApp-Prefix.pch"; sourceTree = "<group>"; };
		CD96583819A95FD30062283C /* AppDelegate.h */ = {isa = PBXFileReference; lastKnownFileType = sourcecode.c.h; path = AppDelegate.h; sourceTree = "<group>"; };
		CD96583919A95FD30062283C /* AppDelegate.m */ = {isa = PBXFileReference; lastKnownFileType = sourcecode.c.objc; path = AppDelegate.m; sourceTree = "<group>"; };
		CD96583C19A95FD30062283C /* Base */ = {isa = PBXFileReference; lastKnownFileType = file.storyboard; name = Base; path = Base.lproj/Main.storyboard; sourceTree = "<group>"; };
		CD96584119A95FD30062283C /* Images.xcassets */ = {isa = PBXFileReference; lastKnownFileType = folder.assetcatalog; path = Images.xcassets; sourceTree = "<group>"; };
		CD96584719A95FD30062283C /* ScoutingAppTests.xctest */ = {isa = PBXFileReference; explicitFileType = wrapper.cfbundle; includeInIndex = 0; path = ScoutingAppTests.xctest; sourceTree = BUILT_PRODUCTS_DIR; };
		CD96584819A95FD30062283C /* XCTest.framework */ = {isa = PBXFileReference; lastKnownFileType = wrapper.framework; name = XCTest.framework; path = Library/Frameworks/XCTest.framework; sourceTree = DEVELOPER_DIR; };
		CD96585019A95FD30062283C /* ScoutingAppTests-Info.plist */ = {isa = PBXFileReference; lastKnownFileType = text.plist.xml; path = "ScoutingAppTests-Info.plist"; sourceTree = "<group>"; };
		CD96585219A95FD30062283C /* en */ = {isa = PBXFileReference; lastKnownFileType = text.plist.strings; name = en; path = en.lproj/InfoPlist.strings; sourceTree = "<group>"; };
		CD96585419A95FD30062283C /* ScoutingAppTests.m */ = {isa = PBXFileReference; lastKnownFileType = sourcecode.c.objc; path = ScoutingAppTests.m; sourceTree = "<group>"; };
		CD96586419A97AB30062283C /* NameViewController.h */ = {isa = PBXFileReference; fileEncoding = 4; lastKnownFileType = sourcecode.c.h; path = NameViewController.h; sourceTree = "<group>"; };
		CD96586519A97AB30062283C /* NameViewController.m */ = {isa = PBXFileReference; fileEncoding = 4; lastKnownFileType = sourcecode.c.objc; path = NameViewController.m; sourceTree = "<group>"; };
		CD96586719A97BE30062283C /* AutoEntryViewController.h */ = {isa = PBXFileReference; fileEncoding = 4; lastKnownFileType = sourcecode.c.h; path = AutoEntryViewController.h; sourceTree = "<group>"; };
		CD96586819A97BE30062283C /* AutoEntryViewController.m */ = {isa = PBXFileReference; fileEncoding = 4; lastKnownFileType = sourcecode.c.objc; path = AutoEntryViewController.m; sourceTree = "<group>"; };
		CD96586A19A97BF20062283C /* TeleOpViewController.h */ = {isa = PBXFileReference; fileEncoding = 4; lastKnownFileType = sourcecode.c.h; name = TeleOpViewController.h; path = ../TeleOpViewController.h; sourceTree = "<group>"; };
		CD96586B19A97BF20062283C /* TeleOpViewController.m */ = {isa = PBXFileReference; fileEncoding = 4; lastKnownFileType = sourcecode.c.objc; name = TeleOpViewController.m; path = ../TeleOpViewController.m; sourceTree = "<group>"; };
		CD96586D19A983C60062283C /* FinalViewController.h */ = {isa = PBXFileReference; fileEncoding = 4; lastKnownFileType = sourcecode.c.h; path = FinalViewController.h; sourceTree = "<group>"; };
		CD96586E19A983C60062283C /* FinalViewController.m */ = {isa = PBXFileReference; fileEncoding = 4; lastKnownFileType = sourcecode.c.objc; path = FinalViewController.m; sourceTree = "<group>"; };
		CD96587019A983D10062283C /* ReviewViewController.h */ = {isa = PBXFileReference; fileEncoding = 4; lastKnownFileType = sourcecode.c.h; path = ReviewViewController.h; sourceTree = "<group>"; };
		CD96587119A983D10062283C /* ReviewViewController.m */ = {isa = PBXFileReference; fileEncoding = 4; lastKnownFileType = sourcecode.c.objc; path = ReviewViewController.m; sourceTree = "<group>"; };
		CDC7D7A619AAD2F1002C22CB /* CustomTableViewCell.h */ = {isa = PBXFileReference; fileEncoding = 4; lastKnownFileType = sourcecode.c.h; path = CustomTableViewCell.h; sourceTree = "<group>"; };
		CDC7D7A719AAD2F1002C22CB /* CustomTableViewCell.m */ = {isa = PBXFileReference; fileEncoding = 4; lastKnownFileType = sourcecode.c.objc; path = CustomTableViewCell.m; sourceTree = "<group>"; };
		CDCE4E3819ABB21D00A3ECC2 /* Bolts.framework */ = {isa = PBXFileReference; lastKnownFileType = wrapper.framework; name = Bolts.framework; path = "../../Downloads/parse-library-1.2.21/Bolts.framework"; sourceTree = "<group>"; };
		CDCE4E3919ABB21D00A3ECC2 /* Parse.framework */ = {isa = PBXFileReference; lastKnownFileType = wrapper.framework; name = Parse.framework; path = "../../Downloads/parse-library-1.2.21/Parse.framework"; sourceTree = "<group>"; };
		CDCE4E3C19ABB24000A3ECC2 /* AudioToolbox.framework */ = {isa = PBXFileReference; lastKnownFileType = wrapper.framework; name = AudioToolbox.framework; path = System/Library/Frameworks/AudioToolbox.framework; sourceTree = SDKROOT; };
		CDCE4E3E19ABB24600A3ECC2 /* CFNetwork.framework */ = {isa = PBXFileReference; lastKnownFileType = wrapper.framework; name = CFNetwork.framework; path = System/Library/Frameworks/CFNetwork.framework; sourceTree = SDKROOT; };
		CDCE4E4019ABB25300A3ECC2 /* CoreLocation.framework */ = {isa = PBXFileReference; lastKnownFileType = wrapper.framework; name = CoreLocation.framework; path = System/Library/Frameworks/CoreLocation.framework; sourceTree = SDKROOT; };
		CDCE4E4219ABB25C00A3ECC2 /* libz.dylib */ = {isa = PBXFileReference; lastKnownFileType = "compiled.mach-o.dylib"; name = libz.dylib; path = usr/lib/libz.dylib; sourceTree = SDKROOT; };
		CDCE4E4419ABB26200A3ECC2 /* MobileCoreServices.framework */ = {isa = PBXFileReference; lastKnownFileType = wrapper.framework; name = MobileCoreServices.framework; path = System/Library/Frameworks/MobileCoreServices.framework; sourceTree = SDKROOT; };
		CDCE4E4619ABB26E00A3ECC2 /* QuartzCore.framework */ = {isa = PBXFileReference; lastKnownFileType = wrapper.framework; name = QuartzCore.framework; path = System/Library/Frameworks/QuartzCore.framework; sourceTree = SDKROOT; };
		CDCE4E4819ABB27400A3ECC2 /* Security.framework */ = {isa = PBXFileReference; lastKnownFileType = wrapper.framework; name = Security.framework; path = System/Library/Frameworks/Security.framework; sourceTree = SDKROOT; };
		CDCE4E4A19ABB27900A3ECC2 /* StoreKit.framework */ = {isa = PBXFileReference; lastKnownFileType = wrapper.framework; name = StoreKit.framework; path = System/Library/Frameworks/StoreKit.framework; sourceTree = SDKROOT; };
		CDCE4E4C19ABB28000A3ECC2 /* SystemConfiguration.framework */ = {isa = PBXFileReference; lastKnownFileType = wrapper.framework; name = SystemConfiguration.framework; path = System/Library/Frameworks/SystemConfiguration.framework; sourceTree = SDKROOT; };
		CDCE4E4E19ABE27F00A3ECC2 /* DataViewController.h */ = {isa = PBXFileReference; fileEncoding = 4; lastKnownFileType = sourcecode.c.h; path = DataViewController.h; sourceTree = "<group>"; };
		CDCE4E4F19ABE27F00A3ECC2 /* DataViewController.m */ = {isa = PBXFileReference; fileEncoding = 4; lastKnownFileType = sourcecode.c.objc; path = DataViewController.m; sourceTree = "<group>"; };
		CDCE4E5119AC253D00A3ECC2 /* TeamListViewController.h */ = {isa = PBXFileReference; fileEncoding = 4; lastKnownFileType = sourcecode.c.h; path = TeamListViewController.h; sourceTree = "<group>"; };
		CDCE4E5219AC253D00A3ECC2 /* TeamListViewController.m */ = {isa = PBXFileReference; fileEncoding = 4; lastKnownFileType = sourcecode.c.objc; path = TeamListViewController.m; sourceTree = "<group>"; };
		CDCE4E5419AC258E00A3ECC2 /* SeedingViewController.h */ = {isa = PBXFileReference; fileEncoding = 4; lastKnownFileType = sourcecode.c.h; path = SeedingViewController.h; sourceTree = "<group>"; };
		CDCE4E5519AC258E00A3ECC2 /* SeedingViewController.m */ = {isa = PBXFileReference; fileEncoding = 4; lastKnownFileType = sourcecode.c.objc; path = SeedingViewController.m; sourceTree = "<group>"; };
		CDCE4E5719AC25AB00A3ECC2 /* OffensiveViewController.h */ = {isa = PBXFileReference; fileEncoding = 4; lastKnownFileType = sourcecode.c.h; path = OffensiveViewController.h; sourceTree = "<group>"; };
		CDCE4E5819AC25AB00A3ECC2 /* OffensiveViewController.m */ = {isa = PBXFileReference; fileEncoding = 4; lastKnownFileType = sourcecode.c.objc; path = OffensiveViewController.m; sourceTree = "<group>"; };
		CDCE4E5A19AC261E00A3ECC2 /* DefensiveViewController.h */ = {isa = PBXFileReference; fileEncoding = 4; lastKnownFileType = sourcecode.c.h; path = DefensiveViewController.h; sourceTree = "<group>"; };
		CDCE4E5B19AC261E00A3ECC2 /* DefensiveViewController.m */ = {isa = PBXFileReference; fileEncoding = 4; lastKnownFileType = sourcecode.c.objc; path = DefensiveViewController.m; sourceTree = "<group>"; };
		CDCE4E5D19AC262A00A3ECC2 /* UpcomingViewController.h */ = {isa = PBXFileReference; fileEncoding = 4; lastKnownFileType = sourcecode.c.h; path = UpcomingViewController.h; sourceTree = "<group>"; };
		CDCE4E5E19AC262A00A3ECC2 /* UpcomingViewController.m */ = {isa = PBXFileReference; fileEncoding = 4; lastKnownFileType = sourcecode.c.objc; path = UpcomingViewController.m; sourceTree = "<group>"; };
		CDD92B4B19ACDB67007D8E4B /* CustomTableViewCell2.h */ = {isa = PBXFileReference; fileEncoding = 4; lastKnownFileType = sourcecode.c.h; path = CustomTableViewCell2.h; sourceTree = "<group>"; };
		CDD92B4C19ACDB67007D8E4B /* CustomTableViewCell2.m */ = {isa = PBXFileReference; fileEncoding = 4; lastKnownFileType = sourcecode.c.objc; path = CustomTableViewCell2.m; sourceTree = "<group>"; };
/* End PBXFileReference section */

/* Begin PBXFrameworksBuildPhase section */
		CD96582319A95FD30062283C /* Frameworks */ = {
			isa = PBXFrameworksBuildPhase;
			buildActionMask = 2147483647;
			files = (
				CDCE4E4D19ABB28000A3ECC2 /* SystemConfiguration.framework in Frameworks */,
				CDCE4E4B19ABB27900A3ECC2 /* StoreKit.framework in Frameworks */,
				CDCE4E4919ABB27400A3ECC2 /* Security.framework in Frameworks */,
				CDCE4E4719ABB26E00A3ECC2 /* QuartzCore.framework in Frameworks */,
				CDCE4E4519ABB26200A3ECC2 /* MobileCoreServices.framework in Frameworks */,
				CDCE4E4319ABB25C00A3ECC2 /* libz.dylib in Frameworks */,
				CDCE4E4119ABB25300A3ECC2 /* CoreLocation.framework in Frameworks */,
				CD96582C19A95FD30062283C /* CoreGraphics.framework in Frameworks */,
				CDCE4E3F19ABB24600A3ECC2 /* CFNetwork.framework in Frameworks */,
				CDCE4E3D19ABB24000A3ECC2 /* AudioToolbox.framework in Frameworks */,
				CD96582E19A95FD30062283C /* UIKit.framework in Frameworks */,
				CD96582A19A95FD30062283C /* Foundation.framework in Frameworks */,
				CDCE4E3A19ABB21D00A3ECC2 /* Bolts.framework in Frameworks */,
				CDCE4E3B19ABB21D00A3ECC2 /* Parse.framework in Frameworks */,
			);
			runOnlyForDeploymentPostprocessing = 0;
		};
		CD96584419A95FD30062283C /* Frameworks */ = {
			isa = PBXFrameworksBuildPhase;
			buildActionMask = 2147483647;
			files = (
				CD96584919A95FD30062283C /* XCTest.framework in Frameworks */,
				CD96584B19A95FD30062283C /* UIKit.framework in Frameworks */,
				CD96584A19A95FD30062283C /* Foundation.framework in Frameworks */,
			);
			runOnlyForDeploymentPostprocessing = 0;
		};
/* End PBXFrameworksBuildPhase section */

/* Begin PBXGroup section */
		CD96581D19A95FD30062283C = {
			isa = PBXGroup;
			children = (
				CD96582F19A95FD30062283C /* ScoutingApp */,
				CD96584E19A95FD30062283C /* ScoutingAppTests */,
				CD96582819A95FD30062283C /* Frameworks */,
				CD96582719A95FD30062283C /* Products */,
			);
			sourceTree = "<group>";
		};
		CD96582719A95FD30062283C /* Products */ = {
			isa = PBXGroup;
			children = (
				CD96582619A95FD30062283C /* ScoutingApp.app */,
				CD96584719A95FD30062283C /* ScoutingAppTests.xctest */,
			);
			name = Products;
			sourceTree = "<group>";
		};
		CD96582819A95FD30062283C /* Frameworks */ = {
			isa = PBXGroup;
			children = (
				CDCE4E4C19ABB28000A3ECC2 /* SystemConfiguration.framework */,
				CDCE4E4A19ABB27900A3ECC2 /* StoreKit.framework */,
				CDCE4E4819ABB27400A3ECC2 /* Security.framework */,
				CDCE4E4619ABB26E00A3ECC2 /* QuartzCore.framework */,
				CDCE4E4419ABB26200A3ECC2 /* MobileCoreServices.framework */,
				CDCE4E4219ABB25C00A3ECC2 /* libz.dylib */,
				CDCE4E4019ABB25300A3ECC2 /* CoreLocation.framework */,
				CDCE4E3E19ABB24600A3ECC2 /* CFNetwork.framework */,
				CDCE4E3C19ABB24000A3ECC2 /* AudioToolbox.framework */,
				CD96582919A95FD30062283C /* Foundation.framework */,
				CD96582B19A95FD30062283C /* CoreGraphics.framework */,
				CD96582D19A95FD30062283C /* UIKit.framework */,
				CD96584819A95FD30062283C /* XCTest.framework */,
			);
			name = Frameworks;
			sourceTree = "<group>";
		};
		CD96582F19A95FD30062283C /* ScoutingApp */ = {
			isa = PBXGroup;
			children = (
				CDCE4E3819ABB21D00A3ECC2 /* Bolts.framework */,
				CDCE4E3919ABB21D00A3ECC2 /* Parse.framework */,
				CD73B4EB19AC5EFC004F8857 /* TeamViewController.h */,
				CD73B4EC19AC5EFC004F8857 /* TeamViewController.m */,
				CDD92B4B19ACDB67007D8E4B /* CustomTableViewCell2.h */,
				CDD92B4C19ACDB67007D8E4B /* CustomTableViewCell2.m */,
				CD96586A19A97BF20062283C /* TeleOpViewController.h */,
				CD96586B19A97BF20062283C /* TeleOpViewController.m */,
				CD96586719A97BE30062283C /* AutoEntryViewController.h */,
				CD96586819A97BE30062283C /* AutoEntryViewController.m */,
				CD96583819A95FD30062283C /* AppDelegate.h */,
				CDCE4E5119AC253D00A3ECC2 /* TeamListViewController.h */,
				CDCE4E5219AC253D00A3ECC2 /* TeamListViewController.m */,
				CD73B4E619AC357D004F8857 /* ListTableViewCell.h */,
				CD73B4E719AC357D004F8857 /* ListTableViewCell.m */,
				CDCE4E5419AC258E00A3ECC2 /* SeedingViewController.h */,
				CDCE4E5519AC258E00A3ECC2 /* SeedingViewController.m */,
				CDCE4E5719AC25AB00A3ECC2 /* OffensiveViewController.h */,
				CDCE4E5819AC25AB00A3ECC2 /* OffensiveViewController.m */,
				CDCE4E5A19AC261E00A3ECC2 /* DefensiveViewController.h */,
				CDCE4E5B19AC261E00A3ECC2 /* DefensiveViewController.m */,
				CDCE4E5D19AC262A00A3ECC2 /* UpcomingViewController.h */,
				CDCE4E5E19AC262A00A3ECC2 /* UpcomingViewController.m */,
				CD96583919A95FD30062283C /* AppDelegate.m */,
				CD96583B19A95FD30062283C /* Main.storyboard */,
				CDCE4E4E19ABE27F00A3ECC2 /* DataViewController.h */,
				CDCE4E4F19ABE27F00A3ECC2 /* DataViewController.m */,
				CDC7D7A619AAD2F1002C22CB /* CustomTableViewCell.h */,
				CDC7D7A719AAD2F1002C22CB /* CustomTableViewCell.m */,
				CD96586D19A983C60062283C /* FinalViewController.h */,
				CD96586E19A983C60062283C /* FinalViewController.m */,
				CD96587019A983D10062283C /* ReviewViewController.h */,
				CD96587119A983D10062283C /* ReviewViewController.m */,
				CD96586419A97AB30062283C /* NameViewController.h */,
				CD96586519A97AB30062283C /* NameViewController.m */,
				CD96584119A95FD30062283C /* Images.xcassets */,
				CD73B4F319AC7740004F8857 /* Data_Entry_Unselected.png */,
				CD73B4F019AC7733004F8857 /* Name_Entry_Unselected.png */,
				CD73B4F619AC7744004F8857 /* line.png */,
				CD73B4F919AC7748004F8857 /* 37b50a61.png */,
				CD96583019A95FD30062283C /* Supporting Files */,
			);
			path = ScoutingApp;
			sourceTree = "<group>";
		};
		CD96583019A95FD30062283C /* Supporting Files */ = {
			isa = PBXGroup;
			children = (
				CD96583119A95FD30062283C /* ScoutingApp-Info.plist */,
				CD96583219A95FD30062283C /* InfoPlist.strings */,
				CD96583519A95FD30062283C /* main.m */,
				CD96583719A95FD30062283C /* ScoutingApp-Prefix.pch */,
			);
			name = "Supporting Files";
			sourceTree = "<group>";
		};
		CD96584E19A95FD30062283C /* ScoutingAppTests */ = {
			isa = PBXGroup;
			children = (
				CD96585419A95FD30062283C /* ScoutingAppTests.m */,
				CD96584F19A95FD30062283C /* Supporting Files */,
			);
			path = ScoutingAppTests;
			sourceTree = "<group>";
		};
		CD96584F19A95FD30062283C /* Supporting Files */ = {
			isa = PBXGroup;
			children = (
				CD96585019A95FD30062283C /* ScoutingAppTests-Info.plist */,
				CD96585119A95FD30062283C /* InfoPlist.strings */,
			);
			name = "Supporting Files";
			sourceTree = "<group>";
		};
/* End PBXGroup section */

/* Begin PBXNativeTarget section */
		CD96582519A95FD30062283C /* ScoutingApp */ = {
			isa = PBXNativeTarget;
			buildConfigurationList = CD96585819A95FD30062283C /* Build configuration list for PBXNativeTarget "ScoutingApp" */;
			buildPhases = (
				CD96582219A95FD30062283C /* Sources */,
				CD96582319A95FD30062283C /* Frameworks */,
				CD96582419A95FD30062283C /* Resources */,
			);
			buildRules = (
			);
			dependencies = (
			);
			name = ScoutingApp;
			productName = ScoutingApp;
			productReference = CD96582619A95FD30062283C /* ScoutingApp.app */;
			productType = "com.apple.product-type.application";
		};
		CD96584619A95FD30062283C /* ScoutingAppTests */ = {
			isa = PBXNativeTarget;
			buildConfigurationList = CD96585B19A95FD30062283C /* Build configuration list for PBXNativeTarget "ScoutingAppTests" */;
			buildPhases = (
				CD96584319A95FD30062283C /* Sources */,
				CD96584419A95FD30062283C /* Frameworks */,
				CD96584519A95FD30062283C /* Resources */,
			);
			buildRules = (
			);
			dependencies = (
				CD96584D19A95FD30062283C /* PBXTargetDependency */,
			);
			name = ScoutingAppTests;
			productName = ScoutingAppTests;
			productReference = CD96584719A95FD30062283C /* ScoutingAppTests.xctest */;
			productType = "com.apple.product-type.bundle.unit-test";
		};
/* End PBXNativeTarget section */

/* Begin PBXProject section */
		CD96581E19A95FD30062283C /* Project object */ = {
			isa = PBXProject;
			attributes = {
				LastUpgradeCheck = 0510;
				ORGANIZATIONNAME = "___FULLUSERNAME___";
				TargetAttributes = {
					CD96584619A95FD30062283C = {
						TestTargetID = CD96582519A95FD30062283C;
					};
				};
			};
			buildConfigurationList = CD96582119A95FD30062283C /* Build configuration list for PBXProject "ScoutingApp" */;
			compatibilityVersion = "Xcode 3.2";
			developmentRegion = English;
			hasScannedForEncodings = 0;
			knownRegions = (
				en,
				Base,
			);
			mainGroup = CD96581D19A95FD30062283C;
			productRefGroup = CD96582719A95FD30062283C /* Products */;
			projectDirPath = "";
			projectRoot = "";
			targets = (
				CD96582519A95FD30062283C /* ScoutingApp */,
				CD96584619A95FD30062283C /* ScoutingAppTests */,
			);
		};
/* End PBXProject section */

/* Begin PBXResourcesBuildPhase section */
		CD96582419A95FD30062283C /* Resources */ = {
			isa = PBXResourcesBuildPhase;
			buildActionMask = 2147483647;
			files = (
				CD96584219A95FD30062283C /* Images.xcassets in Resources */,
				CD73B4EE19AC7733004F8857 /* Name_Entry_Unselected.png in Resources */,
				CD73B4F119AC7740004F8857 /* Data_Entry_Unselected.png in Resources */,
				CD96583419A95FD30062283C /* InfoPlist.strings in Resources */,
				CD96583D19A95FD30062283C /* Main.storyboard in Resources */,
				CD73B4F419AC7744004F8857 /* line.png in Resources */,
				CD73B4F719AC7748004F8857 /* 37b50a61.png in Resources */,
			);
			runOnlyForDeploymentPostprocessing = 0;
		};
		CD96584519A95FD30062283C /* Resources */ = {
			isa = PBXResourcesBuildPhase;
			buildActionMask = 2147483647;
			files = (
				CD96585319A95FD30062283C /* InfoPlist.strings in Resources */,
			);
			runOnlyForDeploymentPostprocessing = 0;
		};
/* End PBXResourcesBuildPhase section */

/* Begin PBXSourcesBuildPhase section */
		CD96582219A95FD30062283C /* Sources */ = {
			isa = PBXSourcesBuildPhase;
			buildActionMask = 2147483647;
			files = (
				CDCE4E5C19AC261E00A3ECC2 /* DefensiveViewController.m in Sources */,
				CD96583A19A95FD30062283C /* AppDelegate.m in Sources */,
				CD96583619A95FD30062283C /* main.m in Sources */,
				CD96586919A97BE30062283C /* AutoEntryViewController.m in Sources */,
				CD96586F19A983C60062283C /* FinalViewController.m in Sources */,
				CD73B4ED19AC5EFC004F8857 /* TeamViewController.m in Sources */,
				CDCE4E5019ABE27F00A3ECC2 /* DataViewController.m in Sources */,
				CDCE4E5319AC253D00A3ECC2 /* TeamListViewController.m in Sources */,
				CDCE4E5619AC258E00A3ECC2 /* SeedingViewController.m in Sources */,
				CD96586C19A97BF20062283C /* TeleOpViewController.m in Sources */,
				CD73B4E819AC357E004F8857 /* ListTableViewCell.m in Sources */,
				CDCE4E5919AC25AB00A3ECC2 /* OffensiveViewController.m in Sources */,
				CD96586619A97AB30062283C /* NameViewController.m in Sources */,
				CDC7D7A819AAD2F1002C22CB /* CustomTableViewCell.m in Sources */,
				CDCE4E5F19AC262A00A3ECC2 /* UpcomingViewController.m in Sources */,
				CD96587219A983D10062283C /* ReviewViewController.m in Sources */,
				CDD92B4D19ACDB67007D8E4B /* CustomTableViewCell2.m in Sources */,
			);
			runOnlyForDeploymentPostprocessing = 0;
		};
		CD96584319A95FD30062283C /* Sources */ = {
			isa = PBXSourcesBuildPhase;
			buildActionMask = 2147483647;
			files = (
				CD96585519A95FD30062283C /* ScoutingAppTests.m in Sources */,
			);
			runOnlyForDeploymentPostprocessing = 0;
		};
/* End PBXSourcesBuildPhase section */

/* Begin PBXTargetDependency section */
		CD96584D19A95FD30062283C /* PBXTargetDependency */ = {
			isa = PBXTargetDependency;
			target = CD96582519A95FD30062283C /* ScoutingApp */;
			targetProxy = CD96584C19A95FD30062283C /* PBXContainerItemProxy */;
		};
/* End PBXTargetDependency section */

/* Begin PBXVariantGroup section */
		CD73B4F019AC7733004F8857 /* Name_Entry_Unselected.png */ = {
			isa = PBXVariantGroup;
			children = (
				CD73B4EF19AC7733004F8857 /* Base */,
			);
			name = Name_Entry_Unselected.png;
			path = ../../Desktop;
			sourceTree = "<group>";
		};
		CD73B4F319AC7740004F8857 /* Data_Entry_Unselected.png */ = {
			isa = PBXVariantGroup;
			children = (
				CD73B4F219AC7740004F8857 /* Base */,
			);
			name = Data_Entry_Unselected.png;
			path = ../../Desktop;
			sourceTree = "<group>";
		};
		CD73B4F619AC7744004F8857 /* line.png */ = {
			isa = PBXVariantGroup;
			children = (
				CD73B4F519AC7744004F8857 /* Base */,
			);
			name = line.png;
			path = ../../Desktop;
			sourceTree = "<group>";
		};
		CD73B4F919AC7748004F8857 /* 37b50a61.png */ = {
			isa = PBXVariantGroup;
			children = (
				CD73B4F819AC7748004F8857 /* Base */,
			);
			name = 37b50a61.png;
			path = ../../Desktop;
			sourceTree = "<group>";
		};
		CD96583219A95FD30062283C /* InfoPlist.strings */ = {
			isa = PBXVariantGroup;
			children = (
				CD96583319A95FD30062283C /* en */,
			);
			name = InfoPlist.strings;
			sourceTree = "<group>";
		};
		CD96583B19A95FD30062283C /* Main.storyboard */ = {
			isa = PBXVariantGroup;
			children = (
				CD96583C19A95FD30062283C /* Base */,
			);
			name = Main.storyboard;
			sourceTree = "<group>";
		};
		CD96585119A95FD30062283C /* InfoPlist.strings */ = {
			isa = PBXVariantGroup;
			children = (
				CD96585219A95FD30062283C /* en */,
			);
			name = InfoPlist.strings;
			sourceTree = "<group>";
		};
/* End PBXVariantGroup section */

/* Begin XCBuildConfiguration section */
		CD96585619A95FD30062283C /* Debug */ = {
			isa = XCBuildConfiguration;
			buildSettings = {
				ALWAYS_SEARCH_USER_PATHS = NO;
				CLANG_CXX_LANGUAGE_STANDARD = "gnu++0x";
				CLANG_CXX_LIBRARY = "libc++";
				CLANG_ENABLE_MODULES = YES;
				CLANG_ENABLE_OBJC_ARC = YES;
				CLANG_WARN_BOOL_CONVERSION = YES;
				CLANG_WARN_CONSTANT_CONVERSION = YES;
				CLANG_WARN_DIRECT_OBJC_ISA_USAGE = YES_ERROR;
				CLANG_WARN_EMPTY_BODY = YES;
				CLANG_WARN_ENUM_CONVERSION = YES;
				CLANG_WARN_INT_CONVERSION = YES;
				CLANG_WARN_OBJC_ROOT_CLASS = YES_ERROR;
				CLANG_WARN__DUPLICATE_METHOD_MATCH = YES;
				"CODE_SIGN_IDENTITY[sdk=iphoneos*]" = "iPhone Developer";
				COPY_PHASE_STRIP = NO;
				GCC_C_LANGUAGE_STANDARD = gnu99;
				GCC_DYNAMIC_NO_PIC = NO;
				GCC_OPTIMIZATION_LEVEL = 0;
				GCC_PREPROCESSOR_DEFINITIONS = (
					"DEBUG=1",
					"$(inherited)",
				);
				GCC_SYMBOLS_PRIVATE_EXTERN = NO;
				GCC_WARN_64_TO_32_BIT_CONVERSION = YES;
				GCC_WARN_ABOUT_RETURN_TYPE = YES_ERROR;
				GCC_WARN_UNDECLARED_SELECTOR = YES;
				GCC_WARN_UNINITIALIZED_AUTOS = YES_AGGRESSIVE;
				GCC_WARN_UNUSED_FUNCTION = YES;
				GCC_WARN_UNUSED_VARIABLE = YES;
				IPHONEOS_DEPLOYMENT_TARGET = 7.1;
				ONLY_ACTIVE_ARCH = YES;
				SDKROOT = iphoneos;
			};
			name = Debug;
		};
		CD96585719A95FD30062283C /* Release */ = {
			isa = XCBuildConfiguration;
			buildSettings = {
				ALWAYS_SEARCH_USER_PATHS = NO;
				CLANG_CXX_LANGUAGE_STANDARD = "gnu++0x";
				CLANG_CXX_LIBRARY = "libc++";
				CLANG_ENABLE_MODULES = YES;
				CLANG_ENABLE_OBJC_ARC = YES;
				CLANG_WARN_BOOL_CONVERSION = YES;
				CLANG_WARN_CONSTANT_CONVERSION = YES;
				CLANG_WARN_DIRECT_OBJC_ISA_USAGE = YES_ERROR;
				CLANG_WARN_EMPTY_BODY = YES;
				CLANG_WARN_ENUM_CONVERSION = YES;
				CLANG_WARN_INT_CONVERSION = YES;
				CLANG_WARN_OBJC_ROOT_CLASS = YES_ERROR;
				CLANG_WARN__DUPLICATE_METHOD_MATCH = YES;
				"CODE_SIGN_IDENTITY[sdk=iphoneos*]" = "iPhone Developer";
				COPY_PHASE_STRIP = YES;
				ENABLE_NS_ASSERTIONS = NO;
				GCC_C_LANGUAGE_STANDARD = gnu99;
				GCC_WARN_64_TO_32_BIT_CONVERSION = YES;
				GCC_WARN_ABOUT_RETURN_TYPE = YES_ERROR;
				GCC_WARN_UNDECLARED_SELECTOR = YES;
				GCC_WARN_UNINITIALIZED_AUTOS = YES_AGGRESSIVE;
				GCC_WARN_UNUSED_FUNCTION = YES;
				GCC_WARN_UNUSED_VARIABLE = YES;
				IPHONEOS_DEPLOYMENT_TARGET = 7.1;
				SDKROOT = iphoneos;
				VALIDATE_PRODUCT = YES;
			};
			name = Release;
		};
		CD96585919A95FD30062283C /* Debug */ = {
			isa = XCBuildConfiguration;
			buildSettings = {
				ASSETCATALOG_COMPILER_APPICON_NAME = AppIcon;
				ASSETCATALOG_COMPILER_LAUNCHIMAGE_NAME = LaunchImage;
				FRAMEWORK_SEARCH_PATHS = (
					"$(inherited)",
					"/Users/patrick/Downloads/parse-library-1.2.21",
				);
				GCC_PRECOMPILE_PREFIX_HEADER = YES;
				GCC_PREFIX_HEADER = "ScoutingApp/ScoutingApp-Prefix.pch";
				INFOPLIST_FILE = "ScoutingApp/ScoutingApp-Info.plist";
				PRODUCT_NAME = "$(TARGET_NAME)";
				WRAPPER_EXTENSION = app;
			};
			name = Debug;
		};
		CD96585A19A95FD30062283C /* Release */ = {
			isa = XCBuildConfiguration;
			buildSettings = {
				ASSETCATALOG_COMPILER_APPICON_NAME = AppIcon;
				ASSETCATALOG_COMPILER_LAUNCHIMAGE_NAME = LaunchImage;
				FRAMEWORK_SEARCH_PATHS = (
					"$(inherited)",
					"/Users/patrick/Downloads/parse-library-1.2.21",
				);
				GCC_PRECOMPILE_PREFIX_HEADER = YES;
				GCC_PREFIX_HEADER = "ScoutingApp/ScoutingApp-Prefix.pch";
				INFOPLIST_FILE = "ScoutingApp/ScoutingApp-Info.plist";
				PRODUCT_NAME = "$(TARGET_NAME)";
				WRAPPER_EXTENSION = app;
			};
			name = Release;
		};
		CD96585C19A95FD30062283C /* Debug */ = {
			isa = XCBuildConfiguration;
			buildSettings = {
				BUNDLE_LOADER = "$(BUILT_PRODUCTS_DIR)/ScoutingApp.app/ScoutingApp";
				FRAMEWORK_SEARCH_PATHS = (
					"$(SDKROOT)/Developer/Library/Frameworks",
					"$(inherited)",
					"$(DEVELOPER_FRAMEWORKS_DIR)",
				);
				GCC_PRECOMPILE_PREFIX_HEADER = YES;
				GCC_PREFIX_HEADER = "ScoutingApp/ScoutingApp-Prefix.pch";
				GCC_PREPROCESSOR_DEFINITIONS = (
					"DEBUG=1",
					"$(inherited)",
				);
				INFOPLIST_FILE = "ScoutingAppTests/ScoutingAppTests-Info.plist";
				PRODUCT_NAME = "$(TARGET_NAME)";
				TEST_HOST = "$(BUNDLE_LOADER)";
				WRAPPER_EXTENSION = xctest;
			};
			name = Debug;
		};
		CD96585D19A95FD30062283C /* Release */ = {
			isa = XCBuildConfiguration;
			buildSettings = {
				BUNDLE_LOADER = "$(BUILT_PRODUCTS_DIR)/ScoutingApp.app/ScoutingApp";
				FRAMEWORK_SEARCH_PATHS = (
					"$(SDKROOT)/Developer/Library/Frameworks",
					"$(inherited)",
					"$(DEVELOPER_FRAMEWORKS_DIR)",
				);
				GCC_PRECOMPILE_PREFIX_HEADER = YES;
				GCC_PREFIX_HEADER = "ScoutingApp/ScoutingApp-Prefix.pch";
				INFOPLIST_FILE = "ScoutingAppTests/ScoutingAppTests-Info.plist";
				PRODUCT_NAME = "$(TARGET_NAME)";
				TEST_HOST = "$(BUNDLE_LOADER)";
				WRAPPER_EXTENSION = xctest;
			};
			name = Release;
		};
/* End XCBuildConfiguration section */

/* Begin XCConfigurationList section */
		CD96582119A95FD30062283C /* Build configuration list for PBXProject "ScoutingApp" */ = {
			isa = XCConfigurationList;
			buildConfigurations = (
				CD96585619A95FD30062283C /* Debug */,
				CD96585719A95FD30062283C /* Release */,
			);
			defaultConfigurationIsVisible = 0;
			defaultConfigurationName = Release;
		};
		CD96585819A95FD30062283C /* Build configuration list for PBXNativeTarget "ScoutingApp" */ = {
			isa = XCConfigurationList;
			buildConfigurations = (
				CD96585919A95FD30062283C /* Debug */,
				CD96585A19A95FD30062283C /* Release */,
			);
			defaultConfigurationIsVisible = 0;
			defaultConfigurationName = Release;
		};
		CD96585B19A95FD30062283C /* Build configuration list for PBXNativeTarget "ScoutingAppTests" */ = {
			isa = XCConfigurationList;
			buildConfigurations = (
				CD96585C19A95FD30062283C /* Debug */,
				CD96585D19A95FD30062283C /* Release */,
			);
			defaultConfigurationIsVisible = 0;
			defaultConfigurationName = Release;
		};
/* End XCConfigurationList section */
	};
	rootObject = CD96581E19A95FD30062283C /* Project object */;
}
